// !$*UTF8*$!
{
	archiveVersion = 1;
	classes = {
	};
	objectVersion = 56;
	objects = {

/* Begin PBXBuildFile section */
		E3FBA37F2BEE1E7900BE4813 /* AppDelegate.swift in Sources */ = {isa = PBXBuildFile; fileRef = E3FBA37E2BEE1E7900BE4813 /* AppDelegate.swift */; };
		E3FBA3812BEE1E7900BE4813 /* SceneDelegate.swift in Sources */ = {isa = PBXBuildFile; fileRef = E3FBA3802BEE1E7900BE4813 /* SceneDelegate.swift */; };
		E3FBA3832BEE1E7900BE4813 /* ViewController.swift in Sources */ = {isa = PBXBuildFile; fileRef = E3FBA3822BEE1E7900BE4813 /* ViewController.swift */; };
		E3FBA3862BEE1E7900BE4813 /* Base in Resources */ = {isa = PBXBuildFile; fileRef = E3FBA3852BEE1E7900BE4813 /* Base */; };
		E3FBA3882BEE1E7B00BE4813 /* Assets.xcassets in Resources */ = {isa = PBXBuildFile; fileRef = E3FBA3872BEE1E7B00BE4813 /* Assets.xcassets */; };
		E3FBA38B2BEE1E7B00BE4813 /* Base in Resources */ = {isa = PBXBuildFile; fileRef = E3FBA38A2BEE1E7B00BE4813 /* Base */; };
		E3FBA3962BEE1E7B00BE4813 /* CalculatorTests.swift in Sources */ = {isa = PBXBuildFile; fileRef = E3FBA3952BEE1E7B00BE4813 /* CalculatorTests.swift */; };
		E3FBA3A02BEE1E7B00BE4813 /* CalculatorUITests.swift in Sources */ = {isa = PBXBuildFile; fileRef = E3FBA39F2BEE1E7B00BE4813 /* CalculatorUITests.swift */; };
		E3FBA3A22BEE1E7B00BE4813 /* CalculatorUITestsLaunchTests.swift in Sources */ = {isa = PBXBuildFile; fileRef = E3FBA3A12BEE1E7B00BE4813 /* CalculatorUITestsLaunchTests.swift */; };
/* End PBXBuildFile section */

/* Begin PBXContainerItemProxy section */
		E3FBA3922BEE1E7B00BE4813 /* PBXContainerItemProxy */ = {
			isa = PBXContainerItemProxy;
			containerPortal = E3FBA3732BEE1E7900BE4813 /* Project object */;
			proxyType = 1;
			remoteGlobalIDString = E3FBA37A2BEE1E7900BE4813;
			remoteInfo = Calculator;
		};
		E3FBA39C2BEE1E7B00BE4813 /* PBXContainerItemProxy */ = {
			isa = PBXContainerItemProxy;
			containerPortal = E3FBA3732BEE1E7900BE4813 /* Project object */;
			proxyType = 1;
			remoteGlobalIDString = E3FBA37A2BEE1E7900BE4813;
			remoteInfo = Calculator;
		};
/* End PBXContainerItemProxy section */

/* Begin PBXFileReference section */
		E3FBA37B2BEE1E7900BE4813 /* Calculator.app */ = {isa = PBXFileReference; explicitFileType = wrapper.application; includeInIndex = 0; path = Calculator.app; sourceTree = BUILT_PRODUCTS_DIR; };
		E3FBA37E2BEE1E7900BE4813 /* AppDelegate.swift */ = {isa = PBXFileReference; lastKnownFileType = sourcecode.swift; path = AppDelegate.swift; sourceTree = "<group>"; };
		E3FBA3802BEE1E7900BE4813 /* SceneDelegate.swift */ = {isa = PBXFileReference; lastKnownFileType = sourcecode.swift; path = SceneDelegate.swift; sourceTree = "<group>"; };
		E3FBA3822BEE1E7900BE4813 /* ViewController.swift */ = {isa = PBXFileReference; lastKnownFileType = sourcecode.swift; path = ViewController.swift; sourceTree = "<group>"; };
		E3FBA3852BEE1E7900BE4813 /* Base */ = {isa = PBXFileReference; lastKnownFileType = file.storyboard; name = Base; path = Base.lproj/Main.storyboard; sourceTree = "<group>"; };
		E3FBA3872BEE1E7B00BE4813 /* Assets.xcassets */ = {isa = PBXFileReference; lastKnownFileType = folder.assetcatalog; path = Assets.xcassets; sourceTree = "<group>"; };
		E3FBA38A2BEE1E7B00BE4813 /* Base */ = {isa = PBXFileReference; lastKnownFileType = file.storyboard; name = Base; path = Base.lproj/LaunchScreen.storyboard; sourceTree = "<group>"; };
		E3FBA38C2BEE1E7B00BE4813 /* Info.plist */ = {isa = PBXFileReference; lastKnownFileType = text.plist.xml; path = Info.plist; sourceTree = "<group>"; };
		E3FBA3912BEE1E7B00BE4813 /* CalculatorTests.xctest */ = {isa = PBXFileReference; explicitFileType = wrapper.cfbundle; includeInIndex = 0; path = CalculatorTests.xctest; sourceTree = BUILT_PRODUCTS_DIR; };
		E3FBA3952BEE1E7B00BE4813 /* CalculatorTests.swift */ = {isa = PBXFileReference; lastKnownFileType = sourcecode.swift; path = CalculatorTests.swift; sourceTree = "<group>"; };
		E3FBA39B2BEE1E7B00BE4813 /* CalculatorUITests.xctest */ = {isa = PBXFileReference; explicitFileType = wrapper.cfbundle; includeInIndex = 0; path = CalculatorUITests.xctest; sourceTree = BUILT_PRODUCTS_DIR; };
		E3FBA39F2BEE1E7B00BE4813 /* CalculatorUITests.swift */ = {isa = PBXFileReference; lastKnownFileType = sourcecode.swift; path = CalculatorUITests.swift; sourceTree = "<group>"; };
		E3FBA3A12BEE1E7B00BE4813 /* CalculatorUITestsLaunchTests.swift */ = {isa = PBXFileReference; lastKnownFileType = sourcecode.swift; path = CalculatorUITestsLaunchTests.swift; sourceTree = "<group>"; };
/* End PBXFileReference section */

/* Begin PBXFrameworksBuildPhase section */
		E3FBA3782BEE1E7900BE4813 /* Frameworks */ = {
			isa = PBXFrameworksBuildPhase;
			buildActionMask = 2147483647;
			files = (
			);
			runOnlyForDeploymentPostprocessing = 0;
		};
		E3FBA38E2BEE1E7B00BE4813 /* Frameworks */ = {
			isa = PBXFrameworksBuildPhase;
			buildActionMask = 2147483647;
			files = (
			);
			runOnlyForDeploymentPostprocessing = 0;
		};
		E3FBA3982BEE1E7B00BE4813 /* Frameworks */ = {
			isa = PBXFrameworksBuildPhase;
			buildActionMask = 2147483647;
			files = (
			);
			runOnlyForDeploymentPostprocessing = 0;
		};
/* End PBXFrameworksBuildPhase section */

/* Begin PBXGroup section */
		E3FBA3722BEE1E7900BE4813 = {
			isa = PBXGroup;
			children = (
				E3FBA37D2BEE1E7900BE4813 /* Calculator */,
				E3FBA3942BEE1E7B00BE4813 /* CalculatorTests */,
				E3FBA39E2BEE1E7B00BE4813 /* CalculatorUITests */,
				E3FBA37C2BEE1E7900BE4813 /* Products */,
			);
			sourceTree = "<group>";
		};
		E3FBA37C2BEE1E7900BE4813 /* Products */ = {
			isa = PBXGroup;
			children = (
				E3FBA37B2BEE1E7900BE4813 /* Calculator.app */,
				E3FBA3912BEE1E7B00BE4813 /* CalculatorTests.xctest */,
				E3FBA39B2BEE1E7B00BE4813 /* CalculatorUITests.xctest */,
			);
			name = Products;
			sourceTree = "<group>";
		};
		E3FBA37D2BEE1E7900BE4813 /* Calculator */ = {
			isa = PBXGroup;
			children = (
				E3FBA37E2BEE1E7900BE4813 /* AppDelegate.swift */,
				E3FBA3802BEE1E7900BE4813 /* SceneDelegate.swift */,
				E3FBA3822BEE1E7900BE4813 /* ViewController.swift */,
				E3FBA3842BEE1E7900BE4813 /* Main.storyboard */,
				E3FBA3872BEE1E7B00BE4813 /* Assets.xcassets */,
				E3FBA3892BEE1E7B00BE4813 /* LaunchScreen.storyboard */,
				E3FBA38C2BEE1E7B00BE4813 /* Info.plist */,
			);
			path = Calculator;
			sourceTree = "<group>";
		};
		E3FBA3942BEE1E7B00BE4813 /* CalculatorTests */ = {
			isa = PBXGroup;
			children = (
				E3FBA3952BEE1E7B00BE4813 /* CalculatorTests.swift */,
			);
			path = CalculatorTests;
			sourceTree = "<group>";
		};
		E3FBA39E2BEE1E7B00BE4813 /* CalculatorUITests */ = {
			isa = PBXGroup;
			children = (
				E3FBA39F2BEE1E7B00BE4813 /* CalculatorUITests.swift */,
				E3FBA3A12BEE1E7B00BE4813 /* CalculatorUITestsLaunchTests.swift */,
			);
			path = CalculatorUITests;
			sourceTree = "<group>";
		};
/* End PBXGroup section */

/* Begin PBXNativeTarget section */
		E3FBA37A2BEE1E7900BE4813 /* Calculator */ = {
			isa = PBXNativeTarget;
			buildConfigurationList = E3FBA3A52BEE1E7B00BE4813 /* Build configuration list for PBXNativeTarget "Calculator" */;
			buildPhases = (
				E3FBA3772BEE1E7900BE4813 /* Sources */,
				E3FBA3782BEE1E7900BE4813 /* Frameworks */,
				E3FBA3792BEE1E7900BE4813 /* Resources */,
			);
			buildRules = (
			);
			dependencies = (
			);
			name = Calculator;
			productName = Calculator;
			productReference = E3FBA37B2BEE1E7900BE4813 /* Calculator.app */;
			productType = "com.apple.product-type.application";
		};
		E3FBA3902BEE1E7B00BE4813 /* CalculatorTests */ = {
			isa = PBXNativeTarget;
			buildConfigurationList = E3FBA3A82BEE1E7B00BE4813 /* Build configuration list for PBXNativeTarget "CalculatorTests" */;
			buildPhases = (
				E3FBA38D2BEE1E7B00BE4813 /* Sources */,
				E3FBA38E2BEE1E7B00BE4813 /* Frameworks */,
				E3FBA38F2BEE1E7B00BE4813 /* Resources */,
			);
			buildRules = (
			);
			dependencies = (
				E3FBA3932BEE1E7B00BE4813 /* PBXTargetDependency */,
			);
			name = CalculatorTests;
			productName = CalculatorTests;
			productReference = E3FBA3912BEE1E7B00BE4813 /* CalculatorTests.xctest */;
			productType = "com.apple.product-type.bundle.unit-test";
		};
		E3FBA39A2BEE1E7B00BE4813 /* CalculatorUITests */ = {
			isa = PBXNativeTarget;
			buildConfigurationList = E3FBA3AB2BEE1E7B00BE4813 /* Build configuration list for PBXNativeTarget "CalculatorUITests" */;
			buildPhases = (
				E3FBA3972BEE1E7B00BE4813 /* Sources */,
				E3FBA3982BEE1E7B00BE4813 /* Frameworks */,
				E3FBA3992BEE1E7B00BE4813 /* Resources */,
			);
			buildRules = (
			);
			dependencies = (
				E3FBA39D2BEE1E7B00BE4813 /* PBXTargetDependency */,
			);
			name = CalculatorUITests;
			productName = CalculatorUITests;
			productReference = E3FBA39B2BEE1E7B00BE4813 /* CalculatorUITests.xctest */;
			productType = "com.apple.product-type.bundle.ui-testing";
		};
/* End PBXNativeTarget section */

/* Begin PBXProject section */
		E3FBA3732BEE1E7900BE4813 /* Project object */ = {
			isa = PBXProject;
			attributes = {
				BuildIndependentTargetsInParallel = 1;
				LastSwiftUpdateCheck = 1530;
				LastUpgradeCheck = 1530;
				TargetAttributes = {
					E3FBA37A2BEE1E7900BE4813 = {
						CreatedOnToolsVersion = 15.3;
					};
					E3FBA3902BEE1E7B00BE4813 = {
						CreatedOnToolsVersion = 15.3;
						TestTargetID = E3FBA37A2BEE1E7900BE4813;
					};
					E3FBA39A2BEE1E7B00BE4813 = {
						CreatedOnToolsVersion = 15.3;
						TestTargetID = E3FBA37A2BEE1E7900BE4813;
					};
				};
			};
			buildConfigurationList = E3FBA3762BEE1E7900BE4813 /* Build configuration list for PBXProject "Calculator" */;
			compatibilityVersion = "Xcode 14.0";
			developmentRegion = en;
			hasScannedForEncodings = 0;
			knownRegions = (
				en,
				Base,
			);
			mainGroup = E3FBA3722BEE1E7900BE4813;
			productRefGroup = E3FBA37C2BEE1E7900BE4813 /* Products */;
			projectDirPath = "";
			projectRoot = "";
			targets = (
				E3FBA37A2BEE1E7900BE4813 /* Calculator */,
				E3FBA3902BEE1E7B00BE4813 /* CalculatorTests */,
				E3FBA39A2BEE1E7B00BE4813 /* CalculatorUITests */,
			);
		};
/* End PBXProject section */

/* Begin PBXResourcesBuildPhase section */
		E3FBA3792BEE1E7900BE4813 /* Resources */ = {
			isa = PBXResourcesBuildPhase;
			buildActionMask = 2147483647;
			files = (
				E3FBA3882BEE1E7B00BE4813 /* Assets.xcassets in Resources */,
				E3FBA38B2BEE1E7B00BE4813 /* Base in Resources */,
				E3FBA3862BEE1E7900BE4813 /* Base in Resources */,
			);
			runOnlyForDeploymentPostprocessing = 0;
		};
		E3FBA38F2BEE1E7B00BE4813 /* Resources */ = {
			isa = PBXResourcesBuildPhase;
			buildActionMask = 2147483647;
			files = (
			);
			runOnlyForDeploymentPostprocessing = 0;
		};
		E3FBA3992BEE1E7B00BE4813 /* Resources */ = {
			isa = PBXResourcesBuildPhase;
			buildActionMask = 2147483647;
			files = (
			);
			runOnlyForDeploymentPostprocessing = 0;
		};
/* End PBXResourcesBuildPhase section */

/* Begin PBXSourcesBuildPhase section */
		E3FBA3772BEE1E7900BE4813 /* Sources */ = {
			isa = PBXSourcesBuildPhase;
			buildActionMask = 2147483647;
			files = (
				E3FBA3832BEE1E7900BE4813 /* ViewController.swift in Sources */,
				E3FBA37F2BEE1E7900BE4813 /* AppDelegate.swift in Sources */,
				E3FBA3812BEE1E7900BE4813 /* SceneDelegate.swift in Sources */,
			);
			runOnlyForDeploymentPostprocessing = 0;
		};
		E3FBA38D2BEE1E7B00BE4813 /* Sources */ = {
			isa = PBXSourcesBuildPhase;
			buildActionMask = 2147483647;
			files = (
				E3FBA3962BEE1E7B00BE4813 /* CalculatorTests.swift in Sources */,
			);
			runOnlyForDeploymentPostprocessing = 0;
		};
		E3FBA3972BEE1E7B00BE4813 /* Sources */ = {
			isa = PBXSourcesBuildPhase;
			buildActionMask = 2147483647;
			files = (
				E3FBA3A22BEE1E7B00BE4813 /* CalculatorUITestsLaunchTests.swift in Sources */,
				E3FBA3A02BEE1E7B00BE4813 /* CalculatorUITests.swift in Sources */,
			);
			runOnlyForDeploymentPostprocessing = 0;
		};
/* End PBXSourcesBuildPhase section */

/* Begin PBXTargetDependency section */
		E3FBA3932BEE1E7B00BE4813 /* PBXTargetDependency */ = {
			isa = PBXTargetDependency;
			target = E3FBA37A2BEE1E7900BE4813 /* Calculator */;
			targetProxy = E3FBA3922BEE1E7B00BE4813 /* PBXContainerItemProxy */;
		};
		E3FBA39D2BEE1E7B00BE4813 /* PBXTargetDependency */ = {
			isa = PBXTargetDependency;
			target = E3FBA37A2BEE1E7900BE4813 /* Calculator */;
			targetProxy = E3FBA39C2BEE1E7B00BE4813 /* PBXContainerItemProxy */;
		};
/* End PBXTargetDependency section */

/* Begin PBXVariantGroup section */
		E3FBA3842BEE1E7900BE4813 /* Main.storyboard */ = {
			isa = PBXVariantGroup;
			children = (
				E3FBA3852BEE1E7900BE4813 /* Base */,
			);
			name = Main.storyboard;
			sourceTree = "<group>";
		};
		E3FBA3892BEE1E7B00BE4813 /* LaunchScreen.storyboard */ = {
			isa = PBXVariantGroup;
			children = (
				E3FBA38A2BEE1E7B00BE4813 /* Base */,
			);
			name = LaunchScreen.storyboard;
			sourceTree = "<group>";
		};
/* End PBXVariantGroup section */

/* Begin XCBuildConfiguration section */
		E3FBA3A32BEE1E7B00BE4813 /* Debug */ = {
			isa = XCBuildConfiguration;
			buildSettings = {
				ALWAYS_SEARCH_USER_PATHS = NO;
				ASSETCATALOG_COMPILER_GENERATE_SWIFT_ASSET_SYMBOL_EXTENSIONS = YES;
				CLANG_ANALYZER_NONNULL = YES;
				CLANG_ANALYZER_NUMBER_OBJECT_CONVERSION = YES_AGGRESSIVE;
				CLANG_CXX_LANGUAGE_STANDARD = "gnu++20";
				CLANG_ENABLE_MODULES = YES;
				CLANG_ENABLE_OBJC_ARC = YES;
				CLANG_ENABLE_OBJC_WEAK = YES;
				CLANG_WARN_BLOCK_CAPTURE_AUTORELEASING = YES;
				CLANG_WARN_BOOL_CONVERSION = YES;
				CLANG_WARN_COMMA = YES;
				CLANG_WARN_CONSTANT_CONVERSION = YES;
				CLANG_WARN_DEPRECATED_OBJC_IMPLEMENTATIONS = YES;
				CLANG_WARN_DIRECT_OBJC_ISA_USAGE = YES_ERROR;
				CLANG_WARN_DOCUMENTATION_COMMENTS = YES;
				CLANG_WARN_EMPTY_BODY = YES;
				CLANG_WARN_ENUM_CONVERSION = YES;
				CLANG_WARN_INFINITE_RECURSION = YES;
				CLANG_WARN_INT_CONVERSION = YES;
				CLANG_WARN_NON_LITERAL_NULL_CONVERSION = YES;
				CLANG_WARN_OBJC_IMPLICIT_RETAIN_SELF = YES;
				CLANG_WARN_OBJC_LITERAL_CONVERSION = YES;
				CLANG_WARN_OBJC_ROOT_CLASS = YES_ERROR;
				CLANG_WARN_QUOTED_INCLUDE_IN_FRAMEWORK_HEADER = YES;
				CLANG_WARN_RANGE_LOOP_ANALYSIS = YES;
				CLANG_WARN_STRICT_PROTOTYPES = YES;
				CLANG_WARN_SUSPICIOUS_MOVE = YES;
				CLANG_WARN_UNGUARDED_AVAILABILITY = YES_AGGRESSIVE;
				CLANG_WARN_UNREACHABLE_CODE = YES;
				CLANG_WARN__DUPLICATE_METHOD_MATCH = YES;
				COPY_PHASE_STRIP = NO;
				DEBUG_INFORMATION_FORMAT = dwarf;
				ENABLE_STRICT_OBJC_MSGSEND = YES;
				ENABLE_TESTABILITY = YES;
				ENABLE_USER_SCRIPT_SANDBOXING = YES;
				GCC_C_LANGUAGE_STANDARD = gnu17;
				GCC_DYNAMIC_NO_PIC = NO;
				GCC_NO_COMMON_BLOCKS = YES;
				GCC_OPTIMIZATION_LEVEL = 0;
				GCC_PREPROCESSOR_DEFINITIONS = (
					"DEBUG=1",
					"$(inherited)",
				);
				GCC_WARN_64_TO_32_BIT_CONVERSION = YES;
				GCC_WARN_ABOUT_RETURN_TYPE = YES_ERROR;
				GCC_WARN_UNDECLARED_SELECTOR = YES;
				GCC_WARN_UNINITIALIZED_AUTOS = YES_AGGRESSIVE;
				GCC_WARN_UNUSED_FUNCTION = YES;
				GCC_WARN_UNUSED_VARIABLE = YES;
				IPHONEOS_DEPLOYMENT_TARGET = 17.4;
				LOCALIZATION_PREFERS_STRING_CATALOGS = YES;
				MTL_ENABLE_DEBUG_INFO = INCLUDE_SOURCE;
				MTL_FAST_MATH = YES;
				ONLY_ACTIVE_ARCH = YES;
				SDKROOT = iphoneos;
				SWIFT_ACTIVE_COMPILATION_CONDITIONS = "DEBUG $(inherited)";
				SWIFT_OPTIMIZATION_LEVEL = "-Onone";
			};
			name = Debug;
		};
		E3FBA3A42BEE1E7B00BE4813 /* Release */ = {
			isa = XCBuildConfiguration;
			buildSettings = {
				ALWAYS_SEARCH_USER_PATHS = NO;
				ASSETCATALOG_COMPILER_GENERATE_SWIFT_ASSET_SYMBOL_EXTENSIONS = YES;
				CLANG_ANALYZER_NONNULL = YES;
				CLANG_ANALYZER_NUMBER_OBJECT_CONVERSION = YES_AGGRESSIVE;
				CLANG_CXX_LANGUAGE_STANDARD = "gnu++20";
				CLANG_ENABLE_MODULES = YES;
				CLANG_ENABLE_OBJC_ARC = YES;
				CLANG_ENABLE_OBJC_WEAK = YES;
				CLANG_WARN_BLOCK_CAPTURE_AUTORELEASING = YES;
				CLANG_WARN_BOOL_CONVERSION = YES;
				CLANG_WARN_COMMA = YES;
				CLANG_WARN_CONSTANT_CONVERSION = YES;
				CLANG_WARN_DEPRECATED_OBJC_IMPLEMENTATIONS = YES;
				CLANG_WARN_DIRECT_OBJC_ISA_USAGE = YES_ERROR;
				CLANG_WARN_DOCUMENTATION_COMMENTS = YES;
				CLANG_WARN_EMPTY_BODY = YES;
				CLANG_WARN_ENUM_CONVERSION = YES;
				CLANG_WARN_INFINITE_RECURSION = YES;
				CLANG_WARN_INT_CONVERSION = YES;
				CLANG_WARN_NON_LITERAL_NULL_CONVERSION = YES;
				CLANG_WARN_OBJC_IMPLICIT_RETAIN_SELF = YES;
				CLANG_WARN_OBJC_LITERAL_CONVERSION = YES;
				CLANG_WARN_OBJC_ROOT_CLASS = YES_ERROR;
				CLANG_WARN_QUOTED_INCLUDE_IN_FRAMEWORK_HEADER = YES;
				CLANG_WARN_RANGE_LOOP_ANALYSIS = YES;
				CLANG_WARN_STRICT_PROTOTYPES = YES;
				CLANG_WARN_SUSPICIOUS_MOVE = YES;
				CLANG_WARN_UNGUARDED_AVAILABILITY = YES_AGGRESSIVE;
				CLANG_WARN_UNREACHABLE_CODE = YES;
				CLANG_WARN__DUPLICATE_METHOD_MATCH = YES;
				COPY_PHASE_STRIP = NO;
				DEBUG_INFORMATION_FORMAT = "dwarf-with-dsym";
				ENABLE_NS_ASSERTIONS = NO;
				ENABLE_STRICT_OBJC_MSGSEND = YES;
				ENABLE_USER_SCRIPT_SANDBOXING = YES;
				GCC_C_LANGUAGE_STANDARD = gnu17;
				GCC_NO_COMMON_BLOCKS = YES;
				GCC_WARN_64_TO_32_BIT_CONVERSION = YES;
				GCC_WARN_ABOUT_RETURN_TYPE = YES_ERROR;
				GCC_WARN_UNDECLARED_SELECTOR = YES;
				GCC_WARN_UNINITIALIZED_AUTOS = YES_AGGRESSIVE;
				GCC_WARN_UNUSED_FUNCTION = YES;
				GCC_WARN_UNUSED_VARIABLE = YES;
				IPHONEOS_DEPLOYMENT_TARGET = 17.4;
				LOCALIZATION_PREFERS_STRING_CATALOGS = YES;
				MTL_ENABLE_DEBUG_INFO = NO;
				MTL_FAST_MATH = YES;
				SDKROOT = iphoneos;
				SWIFT_COMPILATION_MODE = wholemodule;
				VALIDATE_PRODUCT = YES;
			};
			name = Release;
		};
		E3FBA3A62BEE1E7B00BE4813 /* Debug */ = {
			isa = XCBuildConfiguration;
			buildSettings = {
				ASSETCATALOG_COMPILER_APPICON_NAME = AppIcon;
				ASSETCATALOG_COMPILER_GLOBAL_ACCENT_COLOR_NAME = AccentColor;
				CODE_SIGN_STYLE = Automatic;
				CURRENT_PROJECT_VERSION = 1;
				DEVELOPMENT_TEAM = 83326F688V;
				GENERATE_INFOPLIST_FILE = YES;
				INFOPLIST_FILE = Calculator/Info.plist;
				INFOPLIST_KEY_UIApplicationSupportsIndirectInputEvents = YES;
				INFOPLIST_KEY_UILaunchStoryboardName = LaunchScreen;
				INFOPLIST_KEY_UIMainStoryboardFile = Main;
				INFOPLIST_KEY_UISupportedInterfaceOrientations_iPad = "UIInterfaceOrientationPortrait UIInterfaceOrientationPortraitUpsideDown UIInterfaceOrientationLandscapeLeft UIInterfaceOrientationLandscapeRight";
				INFOPLIST_KEY_UISupportedInterfaceOrientations_iPhone = "UIInterfaceOrientationPortrait UIInterfaceOrientationLandscapeLeft UIInterfaceOrientationLandscapeRight";
				LD_RUNPATH_SEARCH_PATHS = (
					"$(inherited)",
					"@executable_path/Frameworks",
				);
				MARKETING_VERSION = 1.0;
				PRODUCT_BUNDLE_IDENTIFIER = com.arya.Calculator;
				PRODUCT_NAME = "$(TARGET_NAME)";
				SWIFT_EMIT_LOC_STRINGS = YES;
				SWIFT_VERSION = 5.0;
				TARGETED_DEVICE_FAMILY = "1,2";
			};
			name = Debug;
		};
		E3FBA3A72BEE1E7B00BE4813 /* Release */ = {
			isa = XCBuildConfiguration;
			buildSettings = {
				ASSETCATALOG_COMPILER_APPICON_NAME = AppIcon;
				ASSETCATALOG_COMPILER_GLOBAL_ACCENT_COLOR_NAME = AccentColor;
				CODE_SIGN_STYLE = Automatic;
				CURRENT_PROJECT_VERSION = 1;
				DEVELOPMENT_TEAM = 83326F688V;
				GENERATE_INFOPLIST_FILE = YES;
				INFOPLIST_FILE = Calculator/Info.plist;
				INFOPLIST_KEY_UIApplicationSupportsIndirectInputEvents = YES;
				INFOPLIST_KEY_UILaunchStoryboardName = LaunchScreen;
				INFOPLIST_KEY_UIMainStoryboardFile = Main;
				INFOPLIST_KEY_UISupportedInterfaceOrientations_iPad = "UIInterfaceOrientationPortrait UIInterfaceOrientationPortraitUpsideDown UIInterfaceOrientationLandscapeLeft UIInterfaceOrientationLandscapeRight";
				INFOPLIST_KEY_UISupportedInterfaceOrientations_iPhone = "UIInterfaceOrientationPortrait UIInterfaceOrientationLandscapeLeft UIInterfaceOrientationLandscapeRight";
				LD_RUNPATH_SEARCH_PATHS = (
					"$(inherited)",
					"@executable_path/Frameworks",
				);
				MARKETING_VERSION = 1.0;
				PRODUCT_BUNDLE_IDENTIFIER = com.arya.Calculator;
				PRODUCT_NAME = "$(TARGET_NAME)";
				SWIFT_EMIT_LOC_STRINGS = YES;
				SWIFT_VERSION = 5.0;
				TARGETED_DEVICE_FAMILY = "1,2";
			};
			name = Release;
		};
		E3FBA3A92BEE1E7B00BE4813 /* Debug */ = {
			isa = XCBuildConfiguration;
			buildSettings = {
				ALWAYS_EMBED_SWIFT_STANDARD_LIBRARIES = YES;
				BUNDLE_LOADER = "$(TEST_HOST)";
				CODE_SIGN_STYLE = Automatic;
				CURRENT_PROJECT_VERSION = 1;
				DEVELOPMENT_TEAM = 83326F688V;
				GENERATE_INFOPLIST_FILE = YES;
				IPHONEOS_DEPLOYMENT_TARGET = 17.4;
				MARKETING_VERSION = 1.0;
				PRODUCT_BUNDLE_IDENTIFIER = com.arya.CalculatorTests;
				PRODUCT_NAME = "$(TARGET_NAME)";
				SWIFT_EMIT_LOC_STRINGS = NO;
				SWIFT_VERSION = 5.0;
				TARGETED_DEVICE_FAMILY = "1,2";
				TEST_HOST = "$(BUILT_PRODUCTS_DIR)/Calculator.app/$(BUNDLE_EXECUTABLE_FOLDER_PATH)/Calculator";
			};
			name = Debug;
		};
		E3FBA3AA2BEE1E7B00BE4813 /* Release */ = {
			isa = XCBuildConfiguration;
			buildSettings = {
				ALWAYS_EMBED_SWIFT_STANDARD_LIBRARIES = YES;
				BUNDLE_LOADER = "$(TEST_HOST)";
				CODE_SIGN_STYLE = Automatic;
				CURRENT_PROJECT_VERSION = 1;
				DEVELOPMENT_TEAM = 83326F688V;
				GENERATE_INFOPLIST_FILE = YES;
				IPHONEOS_DEPLOYMENT_TARGET = 17.4;
				MARKETING_VERSION = 1.0;
				PRODUCT_BUNDLE_IDENTIFIER = com.arya.CalculatorTests;
				PRODUCT_NAME = "$(TARGET_NAME)";
				SWIFT_EMIT_LOC_STRINGS = NO;
				SWIFT_VERSION = 5.0;
				TARGETED_DEVICE_FAMILY = "1,2";
				TEST_HOST = "$(BUILT_PRODUCTS_DIR)/Calculator.app/$(BUNDLE_EXECUTABLE_FOLDER_PATH)/Calculator";
			};
			name = Release;
		};
		E3FBA3AC2BEE1E7B00BE4813 /* Debug */ = {
			isa = XCBuildConfiguration;
			buildSettings = {
				ALWAYS_EMBED_SWIFT_STANDARD_LIBRARIES = YES;
				CODE_SIGN_STYLE = Automatic;
				CURRENT_PROJECT_VERSION = 1;
				DEVELOPMENT_TEAM = 83326F688V;
				GENERATE_INFOPLIST_FILE = YES;
				MARKETING_VERSION = 1.0;
				PRODUCT_BUNDLE_IDENTIFIER = com.arya.CalculatorUITests;
				PRODUCT_NAME = "$(TARGET_NAME)";
				SWIFT_EMIT_LOC_STRINGS = NO;
				SWIFT_VERSION = 5.0;
				TARGETED_DEVICE_FAMILY = "1,2";
				TEST_TARGET_NAME = Calculator;
			};
			name = Debug;
		};
		E3FBA3AD2BEE1E7B00BE4813 /* Release */ = {
			isa = XCBuildConfiguration;
			buildSettings = {
				ALWAYS_EMBED_SWIFT_STANDARD_LIBRARIES = YES;
				CODE_SIGN_STYLE = Automatic;
				CURRENT_PROJECT_VERSION = 1;
				DEVELOPMENT_TEAM = 83326F688V;
				GENERATE_INFOPLIST_FILE = YES;
				MARKETING_VERSION = 1.0;
				PRODUCT_BUNDLE_IDENTIFIER = com.arya.CalculatorUITests;
				PRODUCT_NAME = "$(TARGET_NAME)";
				SWIFT_EMIT_LOC_STRINGS = NO;
				SWIFT_VERSION = 5.0;
				TARGETED_DEVICE_FAMILY = "1,2";
				TEST_TARGET_NAME = Calculator;
			};
			name = Release;
		};
/* End XCBuildConfiguration section */

/* Begin XCConfigurationList section */
		E3FBA3762BEE1E7900BE4813 /* Build configuration list for PBXProject "Calculator" */ = {
			isa = XCConfigurationList;
			buildConfigurations = (
				E3FBA3A32BEE1E7B00BE4813 /* Debug */,
				E3FBA3A42BEE1E7B00BE4813 /* Release */,
			);
			defaultConfigurationIsVisible = 0;
			defaultConfigurationName = Release;
		};
		E3FBA3A52BEE1E7B00BE4813 /* Build configuration list for PBXNativeTarget "Calculator" */ = {
			isa = XCConfigurationList;
			buildConfigurations = (
				E3FBA3A62BEE1E7B00BE4813 /* Debug */,
				E3FBA3A72BEE1E7B00BE4813 /* Release */,
			);
			defaultConfigurationIsVisible = 0;
			defaultConfigurationName = Release;
		};
		E3FBA3A82BEE1E7B00BE4813 /* Build configuration list for PBXNativeTarget "CalculatorTests" */ = {
			isa = XCConfigurationList;
			buildConfigurations = (
				E3FBA3A92BEE1E7B00BE4813 /* Debug */,
				E3FBA3AA2BEE1E7B00BE4813 /* Release */,
			);
			defaultConfigurationIsVisible = 0;
			defaultConfigurationName = Release;
		};
		E3FBA3AB2BEE1E7B00BE4813 /* Build configuration list for PBXNativeTarget "CalculatorUITests" */ = {
			isa = XCConfigurationList;
			buildConfigurations = (
				E3FBA3AC2BEE1E7B00BE4813 /* Debug */,
				E3FBA3AD2BEE1E7B00BE4813 /* Release */,
			);
			defaultConfigurationIsVisible = 0;
			defaultConfigurationName = Release;
		};
/* End XCConfigurationList section */
	};
	rootObject = E3FBA3732BEE1E7900BE4813 /* Project object */;
}
